
Microsoft Visual Studio Solution File, Format Version 12.00
# Visual Studio Version 17
VisualStudioVersion = 17.8.34408.163
MinimumVisualStudioVersion = 10.0.40219.1
Project("{FAE04EC0-301F-11D3-BF4B-00C04F79EFBC}") = "FastCore", "FastCore.csproj", "{CDD36503-C7C8-47F0-8285-905B724000FC}"
EndProject
Global
	GlobalSection(SolutionConfigurationPlatforms) = preSolution
		Debug|Any CPU = Debug|Any CPU
		Release|Any CPU = Release|Any CPU
	EndGlobalSection
	GlobalSection(ProjectConfigurationPlatforms) = postSolution
		{CDD36503-C7C8-47F0-8285-905B724000FC}.Debug|Any CPU.ActiveCfg = Debug|Any CPU
		{CDD36503-C7C8-47F0-8285-905B724000FC}.Debug|Any CPU.Build.0 = Debug|Any CPU
		{CDD36503-C7C8-47F0-8285-905B724000FC}.Release|Any CPU.ActiveCfg = Release|Any CPU
		{CDD36503-C7C8-47F0-8285-905B724000FC}.Release|Any CPU.Build.0 = Release|Any CPU
	EndGlobalSection
	GlobalSection(SolutionProperties) = preSolution
		HideSolutionNode = FALSE
	EndGlobalSection
	GlobalSection(ExtensibilityGlobals) = postSolution
		SolutionGuid = {9AE4F7DD-0162-4E33-926F-3D30C7964CC4}
	EndGlobalSection
EndGlobal
